
Microsoft Visual Studio Solution File, Format Version 12.00
# Visual Studio Version 16
VisualStudioVersion = 16.0.30104.148
MinimumVisualStudioVersion = 10.0.40219.1
Project("{FAE04EC0-301F-11D3-BF4B-00C04F79EFBC}") = "Name Homework wk_1", "Name Homework wk_1\Name Homework wk_1.csproj", "{0011F61D-8A86-42A0-939A-CA5847FE5B6A}"
EndProject
Global
	GlobalSection(SolutionConfigurationPlatforms) = preSolution
		Debug|Any CPU = Debug|Any CPU
		Release|Any CPU = Release|Any CPU
	EndGlobalSection
	GlobalSection(ProjectConfigurationPlatforms) = postSolution
		{0011F61D-8A86-42A0-939A-CA5847FE5B6A}.Debug|Any CPU.ActiveCfg = Debug|Any CPU
		{0011F61D-8A86-42A0-939A-CA5847FE5B6A}.Debug|Any CPU.Build.0 = Debug|Any CPU
		{0011F61D-8A86-42A0-939A-CA5847FE5B6A}.Release|Any CPU.ActiveCfg = Release|Any CPU
		{0011F61D-8A86-42A0-939A-CA5847FE5B6A}.Release|Any CPU.Build.0 = Release|Any CPU
	EndGlobalSection
	GlobalSection(SolutionProperties) = preSolution
		HideSolutionNode = FALSE
	EndGlobalSection
	GlobalSection(ExtensibilityGlobals) = postSolution
		SolutionGuid = {4FCBDC19-7D48-44B7-88D1-2DCDB7338286}
	EndGlobalSection
EndGlobal
